# This file is automatically @generated by Cargo.
# It is not intended for manual editing.
version = 3

[[package]]
name = "asm6502"
version = "0.1.2"
source = "registry+https://github.com/rust-lang/crates.io-index"
checksum = "f3bbef4926b4260b6ce188cfdcb7cf2868a917304c533c693504a8b53bbf495e"
dependencies = [
 "nom",
]

[[package]]
name = "mini6502"
version = "0.1.0"
dependencies = [
 "asm6502",
]

[[package]]
name = "nom"
version = "2.2.1"
source = "registry+https://github.com/rust-lang/crates.io-index"
checksum = "cf51a729ecf40266a2368ad335a5fdde43471f545a967109cd62146ecf8b66ff"
